
Microsoft Visual Studio Solution File, Format Version 12.00
# Visual Studio 15
VisualStudioVersion = 15.0.27004.2005
MinimumVisualStudioVersion = 10.0.40219.1
Project("{888888A0-9F3D-457C-B088-3A5042F75D52}") = "CellXpert", "CellXpert.pyproj", "{1274009F-2DC2-4B9A-9458-1808B6BC1461}"
EndProject
Global
	GlobalSection(SolutionConfigurationPlatforms) = preSolution
		Debug|Any CPU = Debug|Any CPU
		Release|Any CPU = Release|Any CPU
	EndGlobalSection
	GlobalSection(ProjectConfigurationPlatforms) = postSolution
		{1274009F-2DC2-4B9A-9458-1808B6BC1461}.Debug|Any CPU.ActiveCfg = Debug|Any CPU
		{1274009F-2DC2-4B9A-9458-1808B6BC1461}.Release|Any CPU.ActiveCfg = Release|Any CPU
	EndGlobalSection
	GlobalSection(SolutionProperties) = preSolution
		HideSolutionNode = FALSE
	EndGlobalSection
	GlobalSection(ExtensibilityGlobals) = postSolution
		SolutionGuid = {562085C4-7188-4670-8A78-D51C92239C2A}
	EndGlobalSection
EndGlobal
